
Microsoft Visual Studio Solution File, Format Version 12.00
# Visual Studio Version 17
VisualStudioVersion = 17.4.33205.214
MinimumVisualStudioVersion = 10.0.40219.1
Project("{FAE04EC0-301F-11D3-BF4B-00C04F79EFBC}") = "Views", "Views\Views.csproj", "{FD5C1132-499E-4D20-9FDC-A96ABD41CFF8}"
EndProject
Global
	GlobalSection(SolutionConfigurationPlatforms) = preSolution
		Debug|Any CPU = Debug|Any CPU
		Release|Any CPU = Release|Any CPU
	EndGlobalSection
	GlobalSection(ProjectConfigurationPlatforms) = postSolution
		{FD5C1132-499E-4D20-9FDC-A96ABD41CFF8}.Debug|Any CPU.ActiveCfg = Debug|Any CPU
		{FD5C1132-499E-4D20-9FDC-A96ABD41CFF8}.Debug|Any CPU.Build.0 = Debug|Any CPU
		{FD5C1132-499E-4D20-9FDC-A96ABD41CFF8}.Release|Any CPU.ActiveCfg = Release|Any CPU
		{FD5C1132-499E-4D20-9FDC-A96ABD41CFF8}.Release|Any CPU.Build.0 = Release|Any CPU
	EndGlobalSection
	GlobalSection(SolutionProperties) = preSolution
		HideSolutionNode = FALSE
	EndGlobalSection
	GlobalSection(ExtensibilityGlobals) = postSolution
		SolutionGuid = {5737DF8C-0997-43AA-B2A5-4F49E3F5F4AB}
	EndGlobalSection
EndGlobal
