
Microsoft Visual Studio Solution File, Format Version 12.00
# Visual Studio Version 17
VisualStudioVersion = 17.4.33205.214
MinimumVisualStudioVersion = 10.0.40219.1
Project("{FAE04EC0-301F-11D3-BF4B-00C04F79EFBC}") = "Generics", "Generics\Generics.csproj", "{06170D39-F338-4C9F-8184-40ABE9579887}"
EndProject
Global
	GlobalSection(SolutionConfigurationPlatforms) = preSolution
		Debug|Any CPU = Debug|Any CPU
		Release|Any CPU = Release|Any CPU
	EndGlobalSection
	GlobalSection(ProjectConfigurationPlatforms) = postSolution
		{06170D39-F338-4C9F-8184-40ABE9579887}.Debug|Any CPU.ActiveCfg = Debug|Any CPU
		{06170D39-F338-4C9F-8184-40ABE9579887}.Debug|Any CPU.Build.0 = Debug|Any CPU
		{06170D39-F338-4C9F-8184-40ABE9579887}.Release|Any CPU.ActiveCfg = Release|Any CPU
		{06170D39-F338-4C9F-8184-40ABE9579887}.Release|Any CPU.Build.0 = Release|Any CPU
	EndGlobalSection
	GlobalSection(SolutionProperties) = preSolution
		HideSolutionNode = FALSE
	EndGlobalSection
	GlobalSection(ExtensibilityGlobals) = postSolution
		SolutionGuid = {19A28CD1-5B57-457A-BEE1-9D484E8873EA}
	EndGlobalSection
EndGlobal
