
Microsoft Visual Studio Solution File, Format Version 12.00
# Visual Studio Version 17
VisualStudioVersion = 17.4.33122.133
MinimumVisualStudioVersion = 10.0.40219.1
Project("{FAE04EC0-301F-11D3-BF4B-00C04F79EFBC}") = "Inheritance_Table_Per_Concrete_Type", "Inheritance_Table_Per_Concrete_Type\Inheritance_Table_Per_Concrete_Type.csproj", "{B77FB0D6-D941-4B6F-8F0D-F29CC69E648B}"
EndProject
Global
	GlobalSection(SolutionConfigurationPlatforms) = preSolution
		Debug|Any CPU = Debug|Any CPU
		Release|Any CPU = Release|Any CPU
	EndGlobalSection
	GlobalSection(ProjectConfigurationPlatforms) = postSolution
		{B77FB0D6-D941-4B6F-8F0D-F29CC69E648B}.Debug|Any CPU.ActiveCfg = Debug|Any CPU
		{B77FB0D6-D941-4B6F-8F0D-F29CC69E648B}.Debug|Any CPU.Build.0 = Debug|Any CPU
		{B77FB0D6-D941-4B6F-8F0D-F29CC69E648B}.Release|Any CPU.ActiveCfg = Release|Any CPU
		{B77FB0D6-D941-4B6F-8F0D-F29CC69E648B}.Release|Any CPU.Build.0 = Release|Any CPU
	EndGlobalSection
	GlobalSection(SolutionProperties) = preSolution
		HideSolutionNode = FALSE
	EndGlobalSection
	GlobalSection(ExtensibilityGlobals) = postSolution
		SolutionGuid = {BE4141ED-36AF-4D64-AC18-A932C52C5825}
	EndGlobalSection
EndGlobal
