
Microsoft Visual Studio Solution File, Format Version 12.00
# Visual Studio Version 17
VisualStudioVersion = 17.4.33110.190
MinimumVisualStudioVersion = 10.0.40219.1
Project("{FAE04EC0-301F-11D3-BF4B-00C04F79EFBC}") = "Querying", "Querying\Querying.csproj", "{30D161AC-8847-486B-AA40-640D9DF4E34A}"
EndProject
Global
	GlobalSection(SolutionConfigurationPlatforms) = preSolution
		Debug|Any CPU = Debug|Any CPU
		Release|Any CPU = Release|Any CPU
	EndGlobalSection
	GlobalSection(ProjectConfigurationPlatforms) = postSolution
		{30D161AC-8847-486B-AA40-640D9DF4E34A}.Debug|Any CPU.ActiveCfg = Debug|Any CPU
		{30D161AC-8847-486B-AA40-640D9DF4E34A}.Debug|Any CPU.Build.0 = Debug|Any CPU
		{30D161AC-8847-486B-AA40-640D9DF4E34A}.Release|Any CPU.ActiveCfg = Release|Any CPU
		{30D161AC-8847-486B-AA40-640D9DF4E34A}.Release|Any CPU.Build.0 = Release|Any CPU
	EndGlobalSection
	GlobalSection(SolutionProperties) = preSolution
		HideSolutionNode = FALSE
	EndGlobalSection
	GlobalSection(ExtensibilityGlobals) = postSolution
		SolutionGuid = {E001EF64-6759-4146-9152-FEA40845E06D}
	EndGlobalSection
EndGlobal
